
Microsoft Visual Studio Solution File, Format Version 12.00
# Visual Studio Version 17
VisualStudioVersion = 17.14.36221.1 d17.14
MinimumVisualStudioVersion = 10.0.40219.1
Project("{FAE04EC0-301F-11D3-BF4B-00C04F79EFBC}") = "game1", "game1.csproj", "{C022B67F-2248-4FE2-9E7F-F7FC16486098}"
EndProject
Global
	GlobalSection(SolutionConfigurationPlatforms) = preSolution
		Debug|Any CPU = Debug|Any CPU
		Release|Any CPU = Release|Any CPU
	EndGlobalSection
	GlobalSection(ProjectConfigurationPlatforms) = postSolution
		{C022B67F-2248-4FE2-9E7F-F7FC16486098}.Debug|Any CPU.ActiveCfg = Debug|Any CPU
		{C022B67F-2248-4FE2-9E7F-F7FC16486098}.Debug|Any CPU.Build.0 = Debug|Any CPU
		{C022B67F-2248-4FE2-9E7F-F7FC16486098}.Release|Any CPU.ActiveCfg = Release|Any CPU
		{C022B67F-2248-4FE2-9E7F-F7FC16486098}.Release|Any CPU.Build.0 = Release|Any CPU
	EndGlobalSection
	GlobalSection(SolutionProperties) = preSolution
		HideSolutionNode = FALSE
	EndGlobalSection
	GlobalSection(ExtensibilityGlobals) = postSolution
		SolutionGuid = {F9AD6347-3141-480C-8E59-3238E50B34E6}
	EndGlobalSection
EndGlobal
